
Microsoft Visual Studio Solution File, Format Version 12.00
# Visual Studio Version 17
VisualStudioVersion = 17.0.31903.59
MinimumVisualStudioVersion = 10.0.40219.1
Project("{FAE04EC0-301F-11D3-BF4B-00C04F79EFBC}") = "Internal", "..\fx\Internal\src\Internal.csproj", "{2BB03B0A-07E1-4B5F-B3E6-343CB797B780}"
EndProject
Project("{FAE04EC0-301F-11D3-BF4B-00C04F79EFBC}") = "Bearz.Standard", "..\fx\Standard\src\Bearz.Standard.csproj", "{45AB592A-1C45-4564-A905-0E411A85B760}"
EndProject
Project("{FAE04EC0-301F-11D3-BF4B-00C04F79EFBC}") = "Bearz.Text.Json", "..\fx\Text.Json\src\Bearz.Text.Json.csproj", "{8B6FEFCE-CAC7-4368-924A-0DE4C0EE35F5}"
EndProject
Project("{FAE04EC0-301F-11D3-BF4B-00C04F79EFBC}") = "Bearz.Text.Yaml", "..\fx\Text.Yaml\src\Bearz.Text.Yaml.csproj", "{C86EEFA0-0CC7-4496-8AF3-04520130E060}"
EndProject
Project("{FAE04EC0-301F-11D3-BF4B-00C04F79EFBC}") = "Bearz.Text.DotEnv", "..\fx\Text.DotEnv\src\Bearz.Text.DotEnv.csproj", "{08380E22-47D7-4E37-B428-375190125751}"
EndProject
Project("{FAE04EC0-301F-11D3-BF4B-00C04F79EFBC}") = "Bearz.Extensions.Logging.Abstractions", "..\fx\Extensions.Logging.Abstractions\src\Bearz.Extensions.Logging.Abstractions.csproj", "{A0392F01-BB48-40F0-AA59-42FAC3E7764B}"
EndProject
Project("{FAE04EC0-301F-11D3-BF4B-00C04F79EFBC}") = "Bearz.Extensions.Logging", "..\fx\Extensions.Logging\src\Bearz.Extensions.Logging.csproj", "{1B6673A9-7EE9-4E6F-A432-A18C97DE844A}"
EndProject
Project("{FAE04EC0-301F-11D3-BF4B-00C04F79EFBC}") = "Bearz.Extensions.Hosting", "..\fx\Extensions.Hosting\src\Bearz.Extensions.Hosting.csproj", "{49174B86-1D18-4099-8919-6FB7AF36BD75}"
EndProject
Project("{FAE04EC0-301F-11D3-BF4B-00C04F79EFBC}") = "Bearz.Extensions.Hosting.CommandLine", "..\fx\Extensions.Hosting.CommandLine\src\Bearz.Extensions.Hosting.CommandLine.csproj", "{84CFB5BF-D9CA-445E-A7C7-C7E43B6F0B25}"
EndProject
Project("{FAE04EC0-301F-11D3-BF4B-00C04F79EFBC}") = "Bearz.Extensions.Hosting.Web", "..\fx\Extensions.Hosting.Web\src\Bearz.Extensions.Hosting.Web.csproj", "{D42DFEDA-0384-4F28-BF93-7DB0C2AEC7E5}"
EndProject
Project("{FAE04EC0-301F-11D3-BF4B-00C04F79EFBC}") = "Bearz.Extensions.Secrets.Abstractions", "..\fx\Extensions.Secrets.Abstractions\src\Bearz.Extensions.Secrets.Abstractions.csproj", "{D2896F16-3C2B-4A7C-A8A1-5E6DE69CA0FE}"
EndProject
Project("{FAE04EC0-301F-11D3-BF4B-00C04F79EFBC}") = "Bearz.Extensions.Secrets", "..\fx\Extensions.Secrets\src\Bearz.Extensions.Secrets.csproj", "{A82D20AB-3873-4D6F-BAF5-BD4E057074A7}"
EndProject
Project("{FAE04EC0-301F-11D3-BF4B-00C04F79EFBC}") = "Bearz.Win32.Registry", "..\fx\Win32.Registry\src\Bearz.Win32.Registry.csproj", "{F5733422-D98F-4A1D-9EE5-A3CF04C3997E}"
EndProject
Project("{FAE04EC0-301F-11D3-BF4B-00C04F79EFBC}") = "Bearz.Xunit.Asserts", "..\fx\Xunit.Asserts\src\Bearz.Xunit.Asserts.csproj", "{EC52B8F2-5333-4043-989D-B256BA8AE68F}"
EndProject
Project("{FAE04EC0-301F-11D3-BF4B-00C04F79EFBC}") = "Bearz.Xunit.Attributes", "..\fx\Xunit.Attributes\src\Bearz.Xunit.Attributes.csproj", "{15206041-407D-4EB7-8E9B-08004023631D}"
EndProject
Project("{FAE04EC0-301F-11D3-BF4B-00C04F79EFBC}") = "Bearz.Xunit.Core", "..\fx\Xunit.Core\src\Bearz.Xunit.Core.csproj", "{E8D4AB1D-A124-42E4-B406-CEB17892DFFF}"
EndProject
Project("{FAE04EC0-301F-11D3-BF4B-00C04F79EFBC}") = "Bearz.IO.Compression", "..\fx\IO.Compression\src\Bearz.IO.Compression.csproj", "{63E318A5-589D-49A9-AABA-9D4755C4B19A}"
EndProject
Project("{FAE04EC0-301F-11D3-BF4B-00C04F79EFBC}") = "Bearz.Net.Downloads", "..\fx\Net.Downloads\src\Bearz.Net.Downloads.csproj", "{24DDA263-2580-4410-986F-12B9C79A2E3D}"
EndProject
Project("{FAE04EC0-301F-11D3-BF4B-00C04F79EFBC}") = "Bearz.Diagnostics.Telemetry", "..\fx\Diagnostics.Telemetry\src\Bearz.Diagnostics.Telemetry.csproj", "{F34BE42B-F119-407C-B0A3-4672675DD9CA}"
EndProject
Project("{2150E333-8FDC-42A3-9474-1A3956D46DE8}") = "Cli.Abstractions", "Cli.Abstractions", "{1EFE4E88-9DD1-4F80-ACC5-7C5775770648}"
EndProject
Project("{FAE04EC0-301F-11D3-BF4B-00C04F79EFBC}") = "Bearz.Cli.Abstractions", "Cli.Abstractions\src\Bearz.Cli.Abstractions.csproj", "{AAAE80BA-14A8-4B9B-9DFD-9BD5676B89F3}"
EndProject
Project("{2150E333-8FDC-42A3-9474-1A3956D46DE8}") = "Cli.Core", "Cli.Core", "{F64BE016-A54B-4568-98D3-31C52B187E39}"
EndProject
Project("{FAE04EC0-301F-11D3-BF4B-00C04F79EFBC}") = "Bearz.Cli.Core", "Cli.Core\src\Bearz.Cli.Core.csproj", "{2BF22EEA-122B-47E1-8AF7-F4B55EA99F91}"
EndProject
Project("{2150E333-8FDC-42A3-9474-1A3956D46DE8}") = "ClosedXml", "ClosedXml", "{82FCBCA4-E377-4123-A3CE-25862B96AB29}"
EndProject
Project("{FAE04EC0-301F-11D3-BF4B-00C04F79EFBC}") = "Bearz.ClosedXml", "ClosedXml\src\Bearz.ClosedXml.csproj", "{6A1DF6D8-7C60-49AE-A313-0C32ED3910F0}"
EndProject
Project("{2150E333-8FDC-42A3-9474-1A3956D46DE8}") = "Dapper", "Dapper", "{12F3EA73-164A-4F57-BB68-A84019D7008A}"
EndProject
Project("{FAE04EC0-301F-11D3-BF4B-00C04F79EFBC}") = "Bearz.Dapper", "Dapper\src\Bearz.Dapper.csproj", "{B67FAA98-E887-43B8-AE2E-50B3599135F8}"
EndProject
Project("{2150E333-8FDC-42A3-9474-1A3956D46DE8}") = "Dapper.Retry", "Dapper.Retry", "{29EF784A-0AD4-47E6-B479-BD58023E6130}"
EndProject
Project("{FAE04EC0-301F-11D3-BF4B-00C04F79EFBC}") = "Bearz.Dapper.Retry", "Dapper.Retry\src\Bearz.Dapper.Retry.csproj", "{2A56EEF0-21DB-4315-B0C6-2814DF689197}"
EndProject
Project("{2150E333-8FDC-42A3-9474-1A3956D46DE8}") = "Data", "Data", "{48E73116-FA64-405D-BB42-A7AB6B0037FF}"
EndProject
Project("{FAE04EC0-301F-11D3-BF4B-00C04F79EFBC}") = "Bearz.Data", "Data\src\Bearz.Data.csproj", "{E80ADE28-DC29-4384-B034-2FA10D7F514A}"
EndProject
Project("{2150E333-8FDC-42A3-9474-1A3956D46DE8}") = "Data.SqlServer", "Data.SqlServer", "{B9BCFADF-A804-4110-AA60-F1A8E47895FD}"
EndProject
Project("{FAE04EC0-301F-11D3-BF4B-00C04F79EFBC}") = "Bearz.Data.SqlServer", "Data.SqlServer\src\Bearz.Data.SqlServer.csproj", "{FB295C8E-691E-4E3B-B328-4FF358C0BE97}"
EndProject
Project("{2150E333-8FDC-42A3-9474-1A3956D46DE8}") = "EntityFrameworkCore", "EntityFrameworkCore", "{4998584A-0749-4FBF-898C-C265EAB5F32A}"
EndProject
Project("{FAE04EC0-301F-11D3-BF4B-00C04F79EFBC}") = "Bearz.EntityFrameworkCore", "EntityFrameworkCore\src\Bearz.EntityFrameworkCore.csproj", "{260B617B-D6D4-4A94-B6E9-80DA0E1484A3}"
EndProject
Project("{2150E333-8FDC-42A3-9474-1A3956D46DE8}") = "EntityFrameworkCore.SqlServer", "EntityFrameworkCore.SqlServer", "{922B6D11-5323-4DEE-A6C5-81D2EB65119A}"
EndProject
Project("{FAE04EC0-301F-11D3-BF4B-00C04F79EFBC}") = "Bearz.EntityFrameworkCore.SqlServer", "EntityFrameworkCore.SqlServer\src\Bearz.EntityFrameworkCore.SqlServer.csproj", "{12254FF6-5509-4FB4-9360-139F43E07EB9}"
EndProject
Project("{2150E333-8FDC-42A3-9474-1A3956D46DE8}") = "Extensions.Serilog", "Extensions.Serilog", "{03B4DA3D-F96B-4650-A699-ACCFCF3950A2}"
EndProject
Project("{FAE04EC0-301F-11D3-BF4B-00C04F79EFBC}") = "Bearz.Extensions.Serilog", "Extensions.Serilog\src\Bearz.Extensions.Serilog.csproj", "{8CC71805-1A7E-481D-B66C-F92A85F81A11}"
EndProject
Project("{2150E333-8FDC-42A3-9474-1A3956D46DE8}") = "Handlebars.Helpers", "Handlebars.Helpers", "{6D2D70B7-8A63-435C-8B79-D32E8A808F37}"
EndProject
Project("{FAE04EC0-301F-11D3-BF4B-00C04F79EFBC}") = "Bearz.Handlebars.Helpers", "Handlebars.Helpers\src\Bearz.Handlebars.Helpers.csproj", "{B49DF66A-4AD6-4585-BF41-651B1EBDDE2B}"
EndProject
Project("{2150E333-8FDC-42A3-9474-1A3956D46DE8}") = "Handlebars.Helpers.Configuration", "Handlebars.Helpers.Configuration", "{C362A06C-F31C-4CC7-89E4-49936B9AF28D}"
EndProject
Project("{FAE04EC0-301F-11D3-BF4B-00C04F79EFBC}") = "Bearz.Handlebars.Helpers.Configuration", "Handlebars.Helpers.Configuration\src\Bearz.Handlebars.Helpers.Configuration.csproj", "{E5A90C66-A6E1-4EA6-82ED-92A846387E9B}"
EndProject
Project("{2150E333-8FDC-42A3-9474-1A3956D46DE8}") = "Handlebars.Helpers.Secrets", "Handlebars.Helpers.Secrets", "{6759D6CB-BCE7-481B-A48F-8F32AABC0BD2}"
EndProject
Project("{FAE04EC0-301F-11D3-BF4B-00C04F79EFBC}") = "Bearz.Handlebars.Helpers.Secrets", "Handlebars.Helpers.Secrets\src\Bearz.Handlebars.Helpers.Secrets.csproj", "{7CB7EA39-FDD4-45D8-9535-0932241289B6}"
EndProject
Project("{2150E333-8FDC-42A3-9474-1A3956D46DE8}") = "KeePass.Cryptography", "KeePass.Cryptography", "{A7843340-5452-4C05-BBAD-DB6426B0B4A7}"
EndProject
Project("{FAE04EC0-301F-11D3-BF4B-00C04F79EFBC}") = "Bearz.KeePass.Cryptography", "KeePass.Cryptography\src\Bearz.KeePass.Cryptography.csproj", "{D934972F-5762-4694-BDEB-3E08FAF31559}"
EndProject
Project("{2150E333-8FDC-42A3-9474-1A3956D46DE8}") = "KeePass.Model", "KeePass.Model", "{957C7530-A245-44D0-8439-9DD0F00C4060}"
EndProject
Project("{FAE04EC0-301F-11D3-BF4B-00C04F79EFBC}") = "Bearz.KeePass.Model", "KeePass.Model\src\Bearz.KeePass.Model.csproj", "{1306FFAE-A19C-44EE-80B4-E07FCDCB0E63}"
EndProject
Project("{2150E333-8FDC-42A3-9474-1A3956D46DE8}") = "KeePass.Xml", "KeePass.Xml", "{59445EF7-E89E-4D00-A291-BFE2AEA2E863}"
EndProject
Project("{FAE04EC0-301F-11D3-BF4B-00C04F79EFBC}") = "Bearz.KeePass.Xml", "KeePass.Xml\src\Bearz.KeePass.Xml.csproj", "{1B353CC7-D1AE-43B1-8DF1-DCC37F30256D}"
EndProject
Project("{2150E333-8FDC-42A3-9474-1A3956D46DE8}") = "PowerShell", "PowerShell", "{0B665537-B48A-4A45-A262-696E8610C376}"
EndProject
Project("{FAE04EC0-301F-11D3-BF4B-00C04F79EFBC}") = "Bearz.PowerShell", "PowerShell\src\Bearz.PowerShell.csproj", "{D46DACB7-23BA-49D2-AD67-1E35C924A3A1}"
EndProject
Project("{2150E333-8FDC-42A3-9474-1A3956D46DE8}") = "PowerShell.DotEnv", "PowerShell.DotEnv", "{BF0B46C8-A5EA-4562-8A7C-77BE10EB232E}"
EndProject
Project("{FAE04EC0-301F-11D3-BF4B-00C04F79EFBC}") = "Bearz.PowerShell.DotEnv", "PowerShell.DotEnv\src\Bearz.PowerShell.DotEnv.csproj", "{230A6028-226A-42DE-8B2A-15B625D0F722}"
EndProject
Project("{2150E333-8FDC-42A3-9474-1A3956D46DE8}") = "PowerShell.Standard", "PowerShell.Standard", "{975A018A-6974-4AF7-96EF-98114A215D25}"
EndProject
Project("{FAE04EC0-301F-11D3-BF4B-00C04F79EFBC}") = "Bearz.PowerShell.Standard", "PowerShell.Standard\src\Bearz.PowerShell.Standard.csproj", "{C0D99DE0-9451-4FAE-A214-7A1CE7B8E795}"
EndProject
Project("{2150E333-8FDC-42A3-9474-1A3956D46DE8}") = "PowerShell.Yaml", "PowerShell.Yaml", "{0FF01D3B-E7BA-4C66-B712-10CE7FCEA91A}"
EndProject
Project("{FAE04EC0-301F-11D3-BF4B-00C04F79EFBC}") = "Bearz.PowerShell.Yaml", "PowerShell.Yaml\src\Bearz.PowerShell.Yaml.csproj", "{9A407C69-5F2B-40F5-9AAF-8BA9F9984F60}"
EndProject
Project("{2150E333-8FDC-42A3-9474-1A3956D46DE8}") = "Bearz", "Bearz", "{C21581AD-4027-436D-94A1-A159D2C62541}"
EndProject
Project("{2150E333-8FDC-42A3-9474-1A3956D46DE8}") = ".root", ".root", "{0D5BBC4E-DE3B-4067-9937-9144C4CE4D2F}"
	ProjectSection(SolutionItems) = preProject
		..\Directory.Build.props = ..\Directory.Build.props
		..\Directory.Build.targets = ..\Directory.Build.targets
		..\Directory.Packages.props = ..\Directory.Packages.props
		..\LICENSE.md = ..\LICENSE.md
		..\omnisharp.json = ..\omnisharp.json
		..\README.md = ..\README.md
		..\version.json = ..\version.json
	EndProjectSection
EndProject
Project("{2150E333-8FDC-42A3-9474-1A3956D46DE8}") = ".project", ".project", "{C69D0920-075A-4A40-9CF5-74717FE4397E}"
	ProjectSection(SolutionItems) = preProject
		justfile = justfile
		omnisharp.json = omnisharp.json
	EndProjectSection
EndProject
Project("{FAE04EC0-301F-11D3-BF4B-00C04F79EFBC}") = "Bearz.ComponentModel.DataAnnotations", "..\fx\ComponentModel.DataAnnotations\src\Bearz.ComponentModel.DataAnnotations.csproj", "{0F3348D4-6646-4CE4-A137-D10E9FFCDDAF}"
EndProject
Project("{2150E333-8FDC-42A3-9474-1A3956D46DE8}") = "Extensions.Ssh.Abstractions", "Extensions.Ssh.Abstractions", "{1967FAC4-14C2-4B0D-BF7D-1A8BA2BFBC45}"
EndProject
Project("{FAE04EC0-301F-11D3-BF4B-00C04F79EFBC}") = "Bearz.Extensions.Ssh.Abstractions", "Extensions.Ssh.Abstractions\src\Bearz.Extensions.Ssh.Abstractions.csproj", "{138C1B29-E62D-4946-BCCA-756CED52CDCB}"
EndProject
Project("{2150E333-8FDC-42A3-9474-1A3956D46DE8}") = "Extensions.Ssh", "Extensions.Ssh", "{6291B4EF-575C-4FA1-BBE2-6386E3A71C64}"
EndProject
Project("{FAE04EC0-301F-11D3-BF4B-00C04F79EFBC}") = "Bearz.Extensions.Ssh", "Extensions.Ssh\src\Bearz.Extensions.Ssh.csproj", "{D2955966-9196-4788-B0A5-FDBF2F3292CC}"
EndProject
Global
	GlobalSection(SolutionConfigurationPlatforms) = preSolution
		Debug|Any CPU = Debug|Any CPU
		Release|Any CPU = Release|Any CPU
	EndGlobalSection
	GlobalSection(SolutionProperties) = preSolution
		HideSolutionNode = FALSE
	EndGlobalSection
	GlobalSection(ProjectConfigurationPlatforms) = postSolution
		{2BB03B0A-07E1-4B5F-B3E6-343CB797B780}.Debug|Any CPU.ActiveCfg = Debug|Any CPU
		{2BB03B0A-07E1-4B5F-B3E6-343CB797B780}.Debug|Any CPU.Build.0 = Debug|Any CPU
		{2BB03B0A-07E1-4B5F-B3E6-343CB797B780}.Release|Any CPU.ActiveCfg = Release|Any CPU
		{2BB03B0A-07E1-4B5F-B3E6-343CB797B780}.Release|Any CPU.Build.0 = Release|Any CPU
		{45AB592A-1C45-4564-A905-0E411A85B760}.Debug|Any CPU.ActiveCfg = Debug|Any CPU
		{45AB592A-1C45-4564-A905-0E411A85B760}.Debug|Any CPU.Build.0 = Debug|Any CPU
		{45AB592A-1C45-4564-A905-0E411A85B760}.Release|Any CPU.ActiveCfg = Release|Any CPU
		{45AB592A-1C45-4564-A905-0E411A85B760}.Release|Any CPU.Build.0 = Release|Any CPU
		{8B6FEFCE-CAC7-4368-924A-0DE4C0EE35F5}.Debug|Any CPU.ActiveCfg = Debug|Any CPU
		{8B6FEFCE-CAC7-4368-924A-0DE4C0EE35F5}.Debug|Any CPU.Build.0 = Debug|Any CPU
		{8B6FEFCE-CAC7-4368-924A-0DE4C0EE35F5}.Release|Any CPU.ActiveCfg = Release|Any CPU
		{8B6FEFCE-CAC7-4368-924A-0DE4C0EE35F5}.Release|Any CPU.Build.0 = Release|Any CPU
		{C86EEFA0-0CC7-4496-8AF3-04520130E060}.Debug|Any CPU.ActiveCfg = Debug|Any CPU
		{C86EEFA0-0CC7-4496-8AF3-04520130E060}.Debug|Any CPU.Build.0 = Debug|Any CPU
		{C86EEFA0-0CC7-4496-8AF3-04520130E060}.Release|Any CPU.ActiveCfg = Release|Any CPU
		{C86EEFA0-0CC7-4496-8AF3-04520130E060}.Release|Any CPU.Build.0 = Release|Any CPU
		{08380E22-47D7-4E37-B428-375190125751}.Debug|Any CPU.ActiveCfg = Debug|Any CPU
		{08380E22-47D7-4E37-B428-375190125751}.Debug|Any CPU.Build.0 = Debug|Any CPU
		{08380E22-47D7-4E37-B428-375190125751}.Release|Any CPU.ActiveCfg = Release|Any CPU
		{08380E22-47D7-4E37-B428-375190125751}.Release|Any CPU.Build.0 = Release|Any CPU
		{A0392F01-BB48-40F0-AA59-42FAC3E7764B}.Debug|Any CPU.ActiveCfg = Debug|Any CPU
		{A0392F01-BB48-40F0-AA59-42FAC3E7764B}.Debug|Any CPU.Build.0 = Debug|Any CPU
		{A0392F01-BB48-40F0-AA59-42FAC3E7764B}.Release|Any CPU.ActiveCfg = Release|Any CPU
		{A0392F01-BB48-40F0-AA59-42FAC3E7764B}.Release|Any CPU.Build.0 = Release|Any CPU
		{1B6673A9-7EE9-4E6F-A432-A18C97DE844A}.Debug|Any CPU.ActiveCfg = Debug|Any CPU
		{1B6673A9-7EE9-4E6F-A432-A18C97DE844A}.Debug|Any CPU.Build.0 = Debug|Any CPU
		{1B6673A9-7EE9-4E6F-A432-A18C97DE844A}.Release|Any CPU.ActiveCfg = Release|Any CPU
		{1B6673A9-7EE9-4E6F-A432-A18C97DE844A}.Release|Any CPU.Build.0 = Release|Any CPU
		{49174B86-1D18-4099-8919-6FB7AF36BD75}.Debug|Any CPU.ActiveCfg = Debug|Any CPU
		{49174B86-1D18-4099-8919-6FB7AF36BD75}.Debug|Any CPU.Build.0 = Debug|Any CPU
		{49174B86-1D18-4099-8919-6FB7AF36BD75}.Release|Any CPU.ActiveCfg = Release|Any CPU
		{49174B86-1D18-4099-8919-6FB7AF36BD75}.Release|Any CPU.Build.0 = Release|Any CPU
		{84CFB5BF-D9CA-445E-A7C7-C7E43B6F0B25}.Debug|Any CPU.ActiveCfg = Debug|Any CPU
		{84CFB5BF-D9CA-445E-A7C7-C7E43B6F0B25}.Debug|Any CPU.Build.0 = Debug|Any CPU
		{84CFB5BF-D9CA-445E-A7C7-C7E43B6F0B25}.Release|Any CPU.ActiveCfg = Release|Any CPU
		{84CFB5BF-D9CA-445E-A7C7-C7E43B6F0B25}.Release|Any CPU.Build.0 = Release|Any CPU
		{D42DFEDA-0384-4F28-BF93-7DB0C2AEC7E5}.Debug|Any CPU.ActiveCfg = Debug|Any CPU
		{D42DFEDA-0384-4F28-BF93-7DB0C2AEC7E5}.Debug|Any CPU.Build.0 = Debug|Any CPU
		{D42DFEDA-0384-4F28-BF93-7DB0C2AEC7E5}.Release|Any CPU.ActiveCfg = Release|Any CPU
		{D42DFEDA-0384-4F28-BF93-7DB0C2AEC7E5}.Release|Any CPU.Build.0 = Release|Any CPU
		{D2896F16-3C2B-4A7C-A8A1-5E6DE69CA0FE}.Debug|Any CPU.ActiveCfg = Debug|Any CPU
		{D2896F16-3C2B-4A7C-A8A1-5E6DE69CA0FE}.Debug|Any CPU.Build.0 = Debug|Any CPU
		{D2896F16-3C2B-4A7C-A8A1-5E6DE69CA0FE}.Release|Any CPU.ActiveCfg = Release|Any CPU
		{D2896F16-3C2B-4A7C-A8A1-5E6DE69CA0FE}.Release|Any CPU.Build.0 = Release|Any CPU
		{A82D20AB-3873-4D6F-BAF5-BD4E057074A7}.Debug|Any CPU.ActiveCfg = Debug|Any CPU
		{A82D20AB-3873-4D6F-BAF5-BD4E057074A7}.Debug|Any CPU.Build.0 = Debug|Any CPU
		{A82D20AB-3873-4D6F-BAF5-BD4E057074A7}.Release|Any CPU.ActiveCfg = Release|Any CPU
		{A82D20AB-3873-4D6F-BAF5-BD4E057074A7}.Release|Any CPU.Build.0 = Release|Any CPU
		{F5733422-D98F-4A1D-9EE5-A3CF04C3997E}.Debug|Any CPU.ActiveCfg = Debug|Any CPU
		{F5733422-D98F-4A1D-9EE5-A3CF04C3997E}.Debug|Any CPU.Build.0 = Debug|Any CPU
		{F5733422-D98F-4A1D-9EE5-A3CF04C3997E}.Release|Any CPU.ActiveCfg = Release|Any CPU
		{F5733422-D98F-4A1D-9EE5-A3CF04C3997E}.Release|Any CPU.Build.0 = Release|Any CPU
		{EC52B8F2-5333-4043-989D-B256BA8AE68F}.Debug|Any CPU.ActiveCfg = Debug|Any CPU
		{EC52B8F2-5333-4043-989D-B256BA8AE68F}.Debug|Any CPU.Build.0 = Debug|Any CPU
		{EC52B8F2-5333-4043-989D-B256BA8AE68F}.Release|Any CPU.ActiveCfg = Release|Any CPU
		{EC52B8F2-5333-4043-989D-B256BA8AE68F}.Release|Any CPU.Build.0 = Release|Any CPU
		{15206041-407D-4EB7-8E9B-08004023631D}.Debug|Any CPU.ActiveCfg = Debug|Any CPU
		{15206041-407D-4EB7-8E9B-08004023631D}.Debug|Any CPU.Build.0 = Debug|Any CPU
		{15206041-407D-4EB7-8E9B-08004023631D}.Release|Any CPU.ActiveCfg = Release|Any CPU
		{15206041-407D-4EB7-8E9B-08004023631D}.Release|Any CPU.Build.0 = Release|Any CPU
		{E8D4AB1D-A124-42E4-B406-CEB17892DFFF}.Debug|Any CPU.ActiveCfg = Debug|Any CPU
		{E8D4AB1D-A124-42E4-B406-CEB17892DFFF}.Debug|Any CPU.Build.0 = Debug|Any CPU
		{E8D4AB1D-A124-42E4-B406-CEB17892DFFF}.Release|Any CPU.ActiveCfg = Release|Any CPU
		{E8D4AB1D-A124-42E4-B406-CEB17892DFFF}.Release|Any CPU.Build.0 = Release|Any CPU
		{63E318A5-589D-49A9-AABA-9D4755C4B19A}.Debug|Any CPU.ActiveCfg = Debug|Any CPU
		{63E318A5-589D-49A9-AABA-9D4755C4B19A}.Debug|Any CPU.Build.0 = Debug|Any CPU
		{63E318A5-589D-49A9-AABA-9D4755C4B19A}.Release|Any CPU.ActiveCfg = Release|Any CPU
		{63E318A5-589D-49A9-AABA-9D4755C4B19A}.Release|Any CPU.Build.0 = Release|Any CPU
		{24DDA263-2580-4410-986F-12B9C79A2E3D}.Debug|Any CPU.ActiveCfg = Debug|Any CPU
		{24DDA263-2580-4410-986F-12B9C79A2E3D}.Debug|Any CPU.Build.0 = Debug|Any CPU
		{24DDA263-2580-4410-986F-12B9C79A2E3D}.Release|Any CPU.ActiveCfg = Release|Any CPU
		{24DDA263-2580-4410-986F-12B9C79A2E3D}.Release|Any CPU.Build.0 = Release|Any CPU
		{F34BE42B-F119-407C-B0A3-4672675DD9CA}.Debug|Any CPU.ActiveCfg = Debug|Any CPU
		{F34BE42B-F119-407C-B0A3-4672675DD9CA}.Debug|Any CPU.Build.0 = Debug|Any CPU
		{F34BE42B-F119-407C-B0A3-4672675DD9CA}.Release|Any CPU.ActiveCfg = Release|Any CPU
		{F34BE42B-F119-407C-B0A3-4672675DD9CA}.Release|Any CPU.Build.0 = Release|Any CPU
		{AAAE80BA-14A8-4B9B-9DFD-9BD5676B89F3}.Debug|Any CPU.ActiveCfg = Debug|Any CPU
		{AAAE80BA-14A8-4B9B-9DFD-9BD5676B89F3}.Debug|Any CPU.Build.0 = Debug|Any CPU
		{AAAE80BA-14A8-4B9B-9DFD-9BD5676B89F3}.Release|Any CPU.ActiveCfg = Release|Any CPU
		{AAAE80BA-14A8-4B9B-9DFD-9BD5676B89F3}.Release|Any CPU.Build.0 = Release|Any CPU
		{2BF22EEA-122B-47E1-8AF7-F4B55EA99F91}.Debug|Any CPU.ActiveCfg = Debug|Any CPU
		{2BF22EEA-122B-47E1-8AF7-F4B55EA99F91}.Debug|Any CPU.Build.0 = Debug|Any CPU
		{2BF22EEA-122B-47E1-8AF7-F4B55EA99F91}.Release|Any CPU.ActiveCfg = Release|Any CPU
		{2BF22EEA-122B-47E1-8AF7-F4B55EA99F91}.Release|Any CPU.Build.0 = Release|Any CPU
		{6A1DF6D8-7C60-49AE-A313-0C32ED3910F0}.Debug|Any CPU.ActiveCfg = Debug|Any CPU
		{6A1DF6D8-7C60-49AE-A313-0C32ED3910F0}.Debug|Any CPU.Build.0 = Debug|Any CPU
		{6A1DF6D8-7C60-49AE-A313-0C32ED3910F0}.Release|Any CPU.ActiveCfg = Release|Any CPU
		{6A1DF6D8-7C60-49AE-A313-0C32ED3910F0}.Release|Any CPU.Build.0 = Release|Any CPU
		{B67FAA98-E887-43B8-AE2E-50B3599135F8}.Debug|Any CPU.ActiveCfg = Debug|Any CPU
		{B67FAA98-E887-43B8-AE2E-50B3599135F8}.Debug|Any CPU.Build.0 = Debug|Any CPU
		{B67FAA98-E887-43B8-AE2E-50B3599135F8}.Release|Any CPU.ActiveCfg = Release|Any CPU
		{B67FAA98-E887-43B8-AE2E-50B3599135F8}.Release|Any CPU.Build.0 = Release|Any CPU
		{2A56EEF0-21DB-4315-B0C6-2814DF689197}.Debug|Any CPU.ActiveCfg = Debug|Any CPU
		{2A56EEF0-21DB-4315-B0C6-2814DF689197}.Debug|Any CPU.Build.0 = Debug|Any CPU
		{2A56EEF0-21DB-4315-B0C6-2814DF689197}.Release|Any CPU.ActiveCfg = Release|Any CPU
		{2A56EEF0-21DB-4315-B0C6-2814DF689197}.Release|Any CPU.Build.0 = Release|Any CPU
		{E80ADE28-DC29-4384-B034-2FA10D7F514A}.Debug|Any CPU.ActiveCfg = Debug|Any CPU
		{E80ADE28-DC29-4384-B034-2FA10D7F514A}.Debug|Any CPU.Build.0 = Debug|Any CPU
		{E80ADE28-DC29-4384-B034-2FA10D7F514A}.Release|Any CPU.ActiveCfg = Release|Any CPU
		{E80ADE28-DC29-4384-B034-2FA10D7F514A}.Release|Any CPU.Build.0 = Release|Any CPU
		{FB295C8E-691E-4E3B-B328-4FF358C0BE97}.Debug|Any CPU.ActiveCfg = Debug|Any CPU
		{FB295C8E-691E-4E3B-B328-4FF358C0BE97}.Debug|Any CPU.Build.0 = Debug|Any CPU
		{FB295C8E-691E-4E3B-B328-4FF358C0BE97}.Release|Any CPU.ActiveCfg = Release|Any CPU
		{FB295C8E-691E-4E3B-B328-4FF358C0BE97}.Release|Any CPU.Build.0 = Release|Any CPU
		{260B617B-D6D4-4A94-B6E9-80DA0E1484A3}.Debug|Any CPU.ActiveCfg = Debug|Any CPU
		{260B617B-D6D4-4A94-B6E9-80DA0E1484A3}.Debug|Any CPU.Build.0 = Debug|Any CPU
		{260B617B-D6D4-4A94-B6E9-80DA0E1484A3}.Release|Any CPU.ActiveCfg = Release|Any CPU
		{260B617B-D6D4-4A94-B6E9-80DA0E1484A3}.Release|Any CPU.Build.0 = Release|Any CPU
		{12254FF6-5509-4FB4-9360-139F43E07EB9}.Debug|Any CPU.ActiveCfg = Debug|Any CPU
		{12254FF6-5509-4FB4-9360-139F43E07EB9}.Debug|Any CPU.Build.0 = Debug|Any CPU
		{12254FF6-5509-4FB4-9360-139F43E07EB9}.Release|Any CPU.ActiveCfg = Release|Any CPU
		{12254FF6-5509-4FB4-9360-139F43E07EB9}.Release|Any CPU.Build.0 = Release|Any CPU
		{8CC71805-1A7E-481D-B66C-F92A85F81A11}.Debug|Any CPU.ActiveCfg = Debug|Any CPU
		{8CC71805-1A7E-481D-B66C-F92A85F81A11}.Debug|Any CPU.Build.0 = Debug|Any CPU
		{8CC71805-1A7E-481D-B66C-F92A85F81A11}.Release|Any CPU.ActiveCfg = Release|Any CPU
		{8CC71805-1A7E-481D-B66C-F92A85F81A11}.Release|Any CPU.Build.0 = Release|Any CPU
		{B49DF66A-4AD6-4585-BF41-651B1EBDDE2B}.Debug|Any CPU.ActiveCfg = Debug|Any CPU
		{B49DF66A-4AD6-4585-BF41-651B1EBDDE2B}.Debug|Any CPU.Build.0 = Debug|Any CPU
		{B49DF66A-4AD6-4585-BF41-651B1EBDDE2B}.Release|Any CPU.ActiveCfg = Release|Any CPU
		{B49DF66A-4AD6-4585-BF41-651B1EBDDE2B}.Release|Any CPU.Build.0 = Release|Any CPU
		{E5A90C66-A6E1-4EA6-82ED-92A846387E9B}.Debug|Any CPU.ActiveCfg = Debug|Any CPU
		{E5A90C66-A6E1-4EA6-82ED-92A846387E9B}.Debug|Any CPU.Build.0 = Debug|Any CPU
		{E5A90C66-A6E1-4EA6-82ED-92A846387E9B}.Release|Any CPU.ActiveCfg = Release|Any CPU
		{E5A90C66-A6E1-4EA6-82ED-92A846387E9B}.Release|Any CPU.Build.0 = Release|Any CPU
		{7CB7EA39-FDD4-45D8-9535-0932241289B6}.Debug|Any CPU.ActiveCfg = Debug|Any CPU
		{7CB7EA39-FDD4-45D8-9535-0932241289B6}.Debug|Any CPU.Build.0 = Debug|Any CPU
		{7CB7EA39-FDD4-45D8-9535-0932241289B6}.Release|Any CPU.ActiveCfg = Release|Any CPU
		{7CB7EA39-FDD4-45D8-9535-0932241289B6}.Release|Any CPU.Build.0 = Release|Any CPU
		{D934972F-5762-4694-BDEB-3E08FAF31559}.Debug|Any CPU.ActiveCfg = Debug|Any CPU
		{D934972F-5762-4694-BDEB-3E08FAF31559}.Debug|Any CPU.Build.0 = Debug|Any CPU
		{D934972F-5762-4694-BDEB-3E08FAF31559}.Release|Any CPU.ActiveCfg = Release|Any CPU
		{D934972F-5762-4694-BDEB-3E08FAF31559}.Release|Any CPU.Build.0 = Release|Any CPU
		{1306FFAE-A19C-44EE-80B4-E07FCDCB0E63}.Debug|Any CPU.ActiveCfg = Debug|Any CPU
		{1306FFAE-A19C-44EE-80B4-E07FCDCB0E63}.Debug|Any CPU.Build.0 = Debug|Any CPU
		{1306FFAE-A19C-44EE-80B4-E07FCDCB0E63}.Release|Any CPU.ActiveCfg = Release|Any CPU
		{1306FFAE-A19C-44EE-80B4-E07FCDCB0E63}.Release|Any CPU.Build.0 = Release|Any CPU
		{1B353CC7-D1AE-43B1-8DF1-DCC37F30256D}.Debug|Any CPU.ActiveCfg = Debug|Any CPU
		{1B353CC7-D1AE-43B1-8DF1-DCC37F30256D}.Debug|Any CPU.Build.0 = Debug|Any CPU
		{1B353CC7-D1AE-43B1-8DF1-DCC37F30256D}.Release|Any CPU.ActiveCfg = Release|Any CPU
		{1B353CC7-D1AE-43B1-8DF1-DCC37F30256D}.Release|Any CPU.Build.0 = Release|Any CPU
		{D46DACB7-23BA-49D2-AD67-1E35C924A3A1}.Debug|Any CPU.ActiveCfg = Debug|Any CPU
		{D46DACB7-23BA-49D2-AD67-1E35C924A3A1}.Debug|Any CPU.Build.0 = Debug|Any CPU
		{D46DACB7-23BA-49D2-AD67-1E35C924A3A1}.Release|Any CPU.ActiveCfg = Release|Any CPU
		{D46DACB7-23BA-49D2-AD67-1E35C924A3A1}.Release|Any CPU.Build.0 = Release|Any CPU
		{230A6028-226A-42DE-8B2A-15B625D0F722}.Debug|Any CPU.ActiveCfg = Debug|Any CPU
		{230A6028-226A-42DE-8B2A-15B625D0F722}.Debug|Any CPU.Build.0 = Debug|Any CPU
		{230A6028-226A-42DE-8B2A-15B625D0F722}.Release|Any CPU.ActiveCfg = Release|Any CPU
		{230A6028-226A-42DE-8B2A-15B625D0F722}.Release|Any CPU.Build.0 = Release|Any CPU
		{C0D99DE0-9451-4FAE-A214-7A1CE7B8E795}.Debug|Any CPU.ActiveCfg = Debug|Any CPU
		{C0D99DE0-9451-4FAE-A214-7A1CE7B8E795}.Debug|Any CPU.Build.0 = Debug|Any CPU
		{C0D99DE0-9451-4FAE-A214-7A1CE7B8E795}.Release|Any CPU.ActiveCfg = Release|Any CPU
		{C0D99DE0-9451-4FAE-A214-7A1CE7B8E795}.Release|Any CPU.Build.0 = Release|Any CPU
		{9A407C69-5F2B-40F5-9AAF-8BA9F9984F60}.Debug|Any CPU.ActiveCfg = Debug|Any CPU
		{9A407C69-5F2B-40F5-9AAF-8BA9F9984F60}.Debug|Any CPU.Build.0 = Debug|Any CPU
		{9A407C69-5F2B-40F5-9AAF-8BA9F9984F60}.Release|Any CPU.ActiveCfg = Release|Any CPU
		{9A407C69-5F2B-40F5-9AAF-8BA9F9984F60}.Release|Any CPU.Build.0 = Release|Any CPU
		{0F3348D4-6646-4CE4-A137-D10E9FFCDDAF}.Debug|Any CPU.ActiveCfg = Debug|Any CPU
		{0F3348D4-6646-4CE4-A137-D10E9FFCDDAF}.Debug|Any CPU.Build.0 = Debug|Any CPU
		{0F3348D4-6646-4CE4-A137-D10E9FFCDDAF}.Release|Any CPU.ActiveCfg = Release|Any CPU
		{0F3348D4-6646-4CE4-A137-D10E9FFCDDAF}.Release|Any CPU.Build.0 = Release|Any CPU
		{138C1B29-E62D-4946-BCCA-756CED52CDCB}.Debug|Any CPU.ActiveCfg = Debug|Any CPU
		{138C1B29-E62D-4946-BCCA-756CED52CDCB}.Debug|Any CPU.Build.0 = Debug|Any CPU
		{138C1B29-E62D-4946-BCCA-756CED52CDCB}.Release|Any CPU.ActiveCfg = Release|Any CPU
		{138C1B29-E62D-4946-BCCA-756CED52CDCB}.Release|Any CPU.Build.0 = Release|Any CPU
		{D2955966-9196-4788-B0A5-FDBF2F3292CC}.Debug|Any CPU.ActiveCfg = Debug|Any CPU
		{D2955966-9196-4788-B0A5-FDBF2F3292CC}.Debug|Any CPU.Build.0 = Debug|Any CPU
		{D2955966-9196-4788-B0A5-FDBF2F3292CC}.Release|Any CPU.ActiveCfg = Release|Any CPU
		{D2955966-9196-4788-B0A5-FDBF2F3292CC}.Release|Any CPU.Build.0 = Release|Any CPU
	EndGlobalSection
	GlobalSection(NestedProjects) = preSolution
		{AAAE80BA-14A8-4B9B-9DFD-9BD5676B89F3} = {1EFE4E88-9DD1-4F80-ACC5-7C5775770648}
		{2BF22EEA-122B-47E1-8AF7-F4B55EA99F91} = {F64BE016-A54B-4568-98D3-31C52B187E39}
		{6A1DF6D8-7C60-49AE-A313-0C32ED3910F0} = {82FCBCA4-E377-4123-A3CE-25862B96AB29}
		{B67FAA98-E887-43B8-AE2E-50B3599135F8} = {12F3EA73-164A-4F57-BB68-A84019D7008A}
		{2A56EEF0-21DB-4315-B0C6-2814DF689197} = {29EF784A-0AD4-47E6-B479-BD58023E6130}
		{E80ADE28-DC29-4384-B034-2FA10D7F514A} = {48E73116-FA64-405D-BB42-A7AB6B0037FF}
		{FB295C8E-691E-4E3B-B328-4FF358C0BE97} = {B9BCFADF-A804-4110-AA60-F1A8E47895FD}
		{260B617B-D6D4-4A94-B6E9-80DA0E1484A3} = {4998584A-0749-4FBF-898C-C265EAB5F32A}
		{12254FF6-5509-4FB4-9360-139F43E07EB9} = {922B6D11-5323-4DEE-A6C5-81D2EB65119A}
		{8CC71805-1A7E-481D-B66C-F92A85F81A11} = {03B4DA3D-F96B-4650-A699-ACCFCF3950A2}
		{B49DF66A-4AD6-4585-BF41-651B1EBDDE2B} = {6D2D70B7-8A63-435C-8B79-D32E8A808F37}
		{E5A90C66-A6E1-4EA6-82ED-92A846387E9B} = {C362A06C-F31C-4CC7-89E4-49936B9AF28D}
		{7CB7EA39-FDD4-45D8-9535-0932241289B6} = {6759D6CB-BCE7-481B-A48F-8F32AABC0BD2}
		{D934972F-5762-4694-BDEB-3E08FAF31559} = {A7843340-5452-4C05-BBAD-DB6426B0B4A7}
		{1306FFAE-A19C-44EE-80B4-E07FCDCB0E63} = {957C7530-A245-44D0-8439-9DD0F00C4060}
		{1B353CC7-D1AE-43B1-8DF1-DCC37F30256D} = {59445EF7-E89E-4D00-A291-BFE2AEA2E863}
		{D46DACB7-23BA-49D2-AD67-1E35C924A3A1} = {0B665537-B48A-4A45-A262-696E8610C376}
		{230A6028-226A-42DE-8B2A-15B625D0F722} = {BF0B46C8-A5EA-4562-8A7C-77BE10EB232E}
		{C0D99DE0-9451-4FAE-A214-7A1CE7B8E795} = {975A018A-6974-4AF7-96EF-98114A215D25}
		{9A407C69-5F2B-40F5-9AAF-8BA9F9984F60} = {0FF01D3B-E7BA-4C66-B712-10CE7FCEA91A}
		{F34BE42B-F119-407C-B0A3-4672675DD9CA} = {C21581AD-4027-436D-94A1-A159D2C62541}
		{49174B86-1D18-4099-8919-6FB7AF36BD75} = {C21581AD-4027-436D-94A1-A159D2C62541}
		{84CFB5BF-D9CA-445E-A7C7-C7E43B6F0B25} = {C21581AD-4027-436D-94A1-A159D2C62541}
		{D42DFEDA-0384-4F28-BF93-7DB0C2AEC7E5} = {C21581AD-4027-436D-94A1-A159D2C62541}
		{1B6673A9-7EE9-4E6F-A432-A18C97DE844A} = {C21581AD-4027-436D-94A1-A159D2C62541}
		{A0392F01-BB48-40F0-AA59-42FAC3E7764B} = {C21581AD-4027-436D-94A1-A159D2C62541}
		{A82D20AB-3873-4D6F-BAF5-BD4E057074A7} = {C21581AD-4027-436D-94A1-A159D2C62541}
		{D2896F16-3C2B-4A7C-A8A1-5E6DE69CA0FE} = {C21581AD-4027-436D-94A1-A159D2C62541}
		{63E318A5-589D-49A9-AABA-9D4755C4B19A} = {C21581AD-4027-436D-94A1-A159D2C62541}
		{24DDA263-2580-4410-986F-12B9C79A2E3D} = {C21581AD-4027-436D-94A1-A159D2C62541}
		{45AB592A-1C45-4564-A905-0E411A85B760} = {C21581AD-4027-436D-94A1-A159D2C62541}
		{08380E22-47D7-4E37-B428-375190125751} = {C21581AD-4027-436D-94A1-A159D2C62541}
		{8B6FEFCE-CAC7-4368-924A-0DE4C0EE35F5} = {C21581AD-4027-436D-94A1-A159D2C62541}
		{C86EEFA0-0CC7-4496-8AF3-04520130E060} = {C21581AD-4027-436D-94A1-A159D2C62541}
		{F5733422-D98F-4A1D-9EE5-A3CF04C3997E} = {C21581AD-4027-436D-94A1-A159D2C62541}
		{EC52B8F2-5333-4043-989D-B256BA8AE68F} = {C21581AD-4027-436D-94A1-A159D2C62541}
		{15206041-407D-4EB7-8E9B-08004023631D} = {C21581AD-4027-436D-94A1-A159D2C62541}
		{E8D4AB1D-A124-42E4-B406-CEB17892DFFF} = {C21581AD-4027-436D-94A1-A159D2C62541}
		{2BB03B0A-07E1-4B5F-B3E6-343CB797B780} = {C21581AD-4027-436D-94A1-A159D2C62541}
		{0F3348D4-6646-4CE4-A137-D10E9FFCDDAF} = {C21581AD-4027-436D-94A1-A159D2C62541}
		{138C1B29-E62D-4946-BCCA-756CED52CDCB} = {1967FAC4-14C2-4B0D-BF7D-1A8BA2BFBC45}
		{D2955966-9196-4788-B0A5-FDBF2F3292CC} = {6291B4EF-575C-4FA1-BBE2-6386E3A71C64}
	EndGlobalSection
EndGlobal
