
Microsoft Visual Studio Solution File, Format Version 12.00
# Visual Studio Version 17
VisualStudioVersion = 17.0.31903.59
MinimumVisualStudioVersion = 10.0.40219.1
Project("{2150E333-8FDC-42A3-9474-1A3956D46DE8}") = "Xunit.Asserts", "Xunit.Asserts", "{0AD6CFDB-8E98-4B6B-8EF3-C39FA4711DF4}"
EndProject
Project("{FAE04EC0-301F-11D3-BF4B-00C04F79EFBC}") = "Bearz.Xunit.Asserts", "Xunit.Asserts\src\Bearz.Xunit.Asserts.csproj", "{1625E738-DA37-4078-9033-EB53F616C981}"
EndProject
Project("{FAE04EC0-301F-11D3-BF4B-00C04F79EFBC}") = "Mettle.Xunit.Asserts.Tests", "Xunit.Asserts\test\Mettle.Xunit.Asserts.Tests.csproj", "{FADA29CA-EFA9-4343-A249-FC4CEF619E10}"
EndProject
Project("{2150E333-8FDC-42A3-9474-1A3956D46DE8}") = "Xunit.Attributes", "Xunit.Attributes", "{40453F10-7E8F-4A08-9D86-EC020CF5567C}"
EndProject
Project("{FAE04EC0-301F-11D3-BF4B-00C04F79EFBC}") = "Bearz.Xunit.Attributes", "Xunit.Attributes\src\Bearz.Xunit.Attributes.csproj", "{8C5EA773-1219-4E3A-9014-FD2961957930}"
EndProject
Project("{FAE04EC0-301F-11D3-BF4B-00C04F79EFBC}") = "Bearz.Xunit.Attributes.Tests", "Xunit.Attributes\test\Bearz.Xunit.Attributes.Tests.csproj", "{30C63647-6374-4721-8D6E-66370C1D52E8}"
EndProject
Project("{2150E333-8FDC-42A3-9474-1A3956D46DE8}") = "Xunit.Core", "Xunit.Core", "{19C6AAC2-3FFB-4305-9961-CC3CAB33568D}"
EndProject
Project("{FAE04EC0-301F-11D3-BF4B-00C04F79EFBC}") = "Bearz.Xunit.Core", "Xunit.Core\src\Bearz.Xunit.Core.csproj", "{B4FDF2CE-D710-491D-81C0-525DB05FABBC}"
EndProject
Project("{FAE04EC0-301F-11D3-BF4B-00C04F79EFBC}") = "Bearz.Xunit.Core.Tests", "Xunit.Core\test\Bearz.Xunit.Core.Tests.csproj", "{E118B257-19EC-4931-86EC-9AE2DAC91E0B}"
EndProject
Project("{2150E333-8FDC-42A3-9474-1A3956D46DE8}") = "Internal", "Internal", "{C9D23130-398B-4BD4-81B9-BC1A5522339C}"
EndProject
Project("{FAE04EC0-301F-11D3-BF4B-00C04F79EFBC}") = "Internal", "Internal\src\Internal.csproj", "{367CC244-CA1E-492E-8273-2BB84720A018}"
EndProject
Project("{2150E333-8FDC-42A3-9474-1A3956D46DE8}") = "Standard", "Standard", "{618913C1-B27D-4C20-AEEF-C59D075BFE7B}"
EndProject
Project("{FAE04EC0-301F-11D3-BF4B-00C04F79EFBC}") = "Bearz.Standard", "Standard\src\Bearz.Standard.csproj", "{FE138BCD-B455-49DD-B332-20405F26DF50}"
EndProject
Global
	GlobalSection(SolutionConfigurationPlatforms) = preSolution
		Debug|Any CPU = Debug|Any CPU
		Release|Any CPU = Release|Any CPU
	EndGlobalSection
	GlobalSection(SolutionProperties) = preSolution
		HideSolutionNode = FALSE
	EndGlobalSection
	GlobalSection(ProjectConfigurationPlatforms) = postSolution
		{1625E738-DA37-4078-9033-EB53F616C981}.Debug|Any CPU.ActiveCfg = Debug|Any CPU
		{1625E738-DA37-4078-9033-EB53F616C981}.Debug|Any CPU.Build.0 = Debug|Any CPU
		{1625E738-DA37-4078-9033-EB53F616C981}.Release|Any CPU.ActiveCfg = Release|Any CPU
		{1625E738-DA37-4078-9033-EB53F616C981}.Release|Any CPU.Build.0 = Release|Any CPU
		{FADA29CA-EFA9-4343-A249-FC4CEF619E10}.Debug|Any CPU.ActiveCfg = Debug|Any CPU
		{FADA29CA-EFA9-4343-A249-FC4CEF619E10}.Debug|Any CPU.Build.0 = Debug|Any CPU
		{FADA29CA-EFA9-4343-A249-FC4CEF619E10}.Release|Any CPU.ActiveCfg = Release|Any CPU
		{FADA29CA-EFA9-4343-A249-FC4CEF619E10}.Release|Any CPU.Build.0 = Release|Any CPU
		{8C5EA773-1219-4E3A-9014-FD2961957930}.Debug|Any CPU.ActiveCfg = Debug|Any CPU
		{8C5EA773-1219-4E3A-9014-FD2961957930}.Debug|Any CPU.Build.0 = Debug|Any CPU
		{8C5EA773-1219-4E3A-9014-FD2961957930}.Release|Any CPU.ActiveCfg = Release|Any CPU
		{8C5EA773-1219-4E3A-9014-FD2961957930}.Release|Any CPU.Build.0 = Release|Any CPU
		{30C63647-6374-4721-8D6E-66370C1D52E8}.Debug|Any CPU.ActiveCfg = Debug|Any CPU
		{30C63647-6374-4721-8D6E-66370C1D52E8}.Debug|Any CPU.Build.0 = Debug|Any CPU
		{30C63647-6374-4721-8D6E-66370C1D52E8}.Release|Any CPU.ActiveCfg = Release|Any CPU
		{30C63647-6374-4721-8D6E-66370C1D52E8}.Release|Any CPU.Build.0 = Release|Any CPU
		{B4FDF2CE-D710-491D-81C0-525DB05FABBC}.Debug|Any CPU.ActiveCfg = Debug|Any CPU
		{B4FDF2CE-D710-491D-81C0-525DB05FABBC}.Debug|Any CPU.Build.0 = Debug|Any CPU
		{B4FDF2CE-D710-491D-81C0-525DB05FABBC}.Release|Any CPU.ActiveCfg = Release|Any CPU
		{B4FDF2CE-D710-491D-81C0-525DB05FABBC}.Release|Any CPU.Build.0 = Release|Any CPU
		{E118B257-19EC-4931-86EC-9AE2DAC91E0B}.Debug|Any CPU.ActiveCfg = Debug|Any CPU
		{E118B257-19EC-4931-86EC-9AE2DAC91E0B}.Debug|Any CPU.Build.0 = Debug|Any CPU
		{E118B257-19EC-4931-86EC-9AE2DAC91E0B}.Release|Any CPU.ActiveCfg = Release|Any CPU
		{E118B257-19EC-4931-86EC-9AE2DAC91E0B}.Release|Any CPU.Build.0 = Release|Any CPU
		{367CC244-CA1E-492E-8273-2BB84720A018}.Debug|Any CPU.ActiveCfg = Debug|Any CPU
		{367CC244-CA1E-492E-8273-2BB84720A018}.Debug|Any CPU.Build.0 = Debug|Any CPU
		{367CC244-CA1E-492E-8273-2BB84720A018}.Release|Any CPU.ActiveCfg = Release|Any CPU
		{367CC244-CA1E-492E-8273-2BB84720A018}.Release|Any CPU.Build.0 = Release|Any CPU
		{FE138BCD-B455-49DD-B332-20405F26DF50}.Debug|Any CPU.ActiveCfg = Debug|Any CPU
		{FE138BCD-B455-49DD-B332-20405F26DF50}.Debug|Any CPU.Build.0 = Debug|Any CPU
		{FE138BCD-B455-49DD-B332-20405F26DF50}.Release|Any CPU.ActiveCfg = Release|Any CPU
		{FE138BCD-B455-49DD-B332-20405F26DF50}.Release|Any CPU.Build.0 = Release|Any CPU
	EndGlobalSection
	GlobalSection(NestedProjects) = preSolution
		{1625E738-DA37-4078-9033-EB53F616C981} = {0AD6CFDB-8E98-4B6B-8EF3-C39FA4711DF4}
		{FADA29CA-EFA9-4343-A249-FC4CEF619E10} = {0AD6CFDB-8E98-4B6B-8EF3-C39FA4711DF4}
		{8C5EA773-1219-4E3A-9014-FD2961957930} = {40453F10-7E8F-4A08-9D86-EC020CF5567C}
		{30C63647-6374-4721-8D6E-66370C1D52E8} = {40453F10-7E8F-4A08-9D86-EC020CF5567C}
		{B4FDF2CE-D710-491D-81C0-525DB05FABBC} = {19C6AAC2-3FFB-4305-9961-CC3CAB33568D}
		{E118B257-19EC-4931-86EC-9AE2DAC91E0B} = {19C6AAC2-3FFB-4305-9961-CC3CAB33568D}
		{367CC244-CA1E-492E-8273-2BB84720A018} = {C9D23130-398B-4BD4-81B9-BC1A5522339C}
		{FE138BCD-B455-49DD-B332-20405F26DF50} = {618913C1-B27D-4C20-AEEF-C59D075BFE7B}
	EndGlobalSection
EndGlobal
